
Microsoft Visual Studio Solution File, Format Version 12.00
# Visual Studio Version 17
VisualStudioVersion = 17.6.33712.159
MinimumVisualStudioVersion = 10.0.40219.1
Project("{FAE04EC0-301F-11D3-BF4B-00C04F79EFBC}") = "SkyCal", "SkyCal.csproj", "{39E0141A-A5A6-43A9-A8F6-69DDCE441854}"
EndProject
Project("{2150E333-8FDC-42A3-9474-1A3956D46DE8}") = "Solution Items", "Solution Items", "{F14FF7C9-4435-4CFB-9AB6-96DB004423DF}"
EndProject
Global
	GlobalSection(SolutionConfigurationPlatforms) = preSolution
		64Bit|Any CPU = 64Bit|Any CPU
		64Bit|x64 = 64Bit|x64
		Debug|Any CPU = Debug|Any CPU
		Debug|x64 = Debug|x64
		Release|Any CPU = Release|Any CPU
		Release|x64 = Release|x64
	EndGlobalSection
	GlobalSection(ProjectConfigurationPlatforms) = postSolution
		{39E0141A-A5A6-43A9-A8F6-69DDCE441854}.64Bit|Any CPU.ActiveCfg = Release|Any CPU
		{39E0141A-A5A6-43A9-A8F6-69DDCE441854}.64Bit|Any CPU.Build.0 = Release|Any CPU
		{39E0141A-A5A6-43A9-A8F6-69DDCE441854}.64Bit|x64.ActiveCfg = 64Bit|x64
		{39E0141A-A5A6-43A9-A8F6-69DDCE441854}.64Bit|x64.Build.0 = 64Bit|x64
		{39E0141A-A5A6-43A9-A8F6-69DDCE441854}.Debug|Any CPU.ActiveCfg = Debug|Any CPU
		{39E0141A-A5A6-43A9-A8F6-69DDCE441854}.Debug|Any CPU.Build.0 = Debug|Any CPU
		{39E0141A-A5A6-43A9-A8F6-69DDCE441854}.Debug|x64.ActiveCfg = Debug|x64
		{39E0141A-A5A6-43A9-A8F6-69DDCE441854}.Debug|x64.Build.0 = Debug|x64
		{39E0141A-A5A6-43A9-A8F6-69DDCE441854}.Release|Any CPU.ActiveCfg = Release|Any CPU
		{39E0141A-A5A6-43A9-A8F6-69DDCE441854}.Release|Any CPU.Build.0 = Release|Any CPU
		{39E0141A-A5A6-43A9-A8F6-69DDCE441854}.Release|x64.ActiveCfg = Release|x64
		{39E0141A-A5A6-43A9-A8F6-69DDCE441854}.Release|x64.Build.0 = Release|x64
	EndGlobalSection
	GlobalSection(SolutionProperties) = preSolution
		HideSolutionNode = FALSE
	EndGlobalSection
	GlobalSection(ExtensibilityGlobals) = postSolution
		SolutionGuid = {AB9A9D6D-CE4D-400D-B0A3-F4F3C9977978}
	EndGlobalSection
EndGlobal
